// !$*UTF8*$!
{
	archiveVersion = 1;
	classes = {
	};
	objectVersion = 46;
	objects = {

/* Begin PBXBuildFile section */
		093562DD1DD990B30081F59B /* AppDelegate.swift in Sources */ = {isa = PBXBuildFile; fileRef = 093562DC1DD990B30081F59B /* AppDelegate.swift */; };
		093562DF1DD990B30081F59B /* ViewController.swift in Sources */ = {isa = PBXBuildFile; fileRef = 093562DE1DD990B30081F59B /* ViewController.swift */; };
		093562E21DD990B30081F59B /* Main.storyboard in Resources */ = {isa = PBXBuildFile; fileRef = 093562E01DD990B30081F59B /* Main.storyboard */; };
		093562E41DD990B30081F59B /* Assets.xcassets in Resources */ = {isa = PBXBuildFile; fileRef = 093562E31DD990B30081F59B /* Assets.xcassets */; };
		093562E71DD990B30081F59B /* LaunchScreen.storyboard in Resources */ = {isa = PBXBuildFile; fileRef = 093562E51DD990B30081F59B /* LaunchScreen.storyboard */; };
		093562F21DD990B30081F59B /* tipCalculatorTests.swift in Sources */ = {isa = PBXBuildFile; fileRef = 093562F11DD990B30081F59B /* tipCalculatorTests.swift */; };
		093562FD1DD990B40081F59B /* tipCalculatorUITests.swift in Sources */ = {isa = PBXBuildFile; fileRef = 093562FC1DD990B40081F59B /* tipCalculatorUITests.swift */; };
/* End PBXBuildFile section */

/* Begin PBXContainerItemProxy section */
		093562EE1DD990B30081F59B /* PBXContainerItemProxy */ = {
			isa = PBXContainerItemProxy;
			containerPortal = 093562D11DD990B20081F59B /* Project object */;
			proxyType = 1;
			remoteGlobalIDString = 093562D81DD990B20081F59B;
			remoteInfo = tipCalculator;
		};
		093562F91DD990B40081F59B /* PBXContainerItemProxy */ = {
			isa = PBXContainerItemProxy;
			containerPortal = 093562D11DD990B20081F59B /* Project object */;
			proxyType = 1;
			remoteGlobalIDString = 093562D81DD990B20081F59B;
			remoteInfo = tipCalculator;
		};
/* End PBXContainerItemProxy section */

/* Begin PBXFileReference section */
		093562D91DD990B30081F59B /* tipCalculator.app */ = {isa = PBXFileReference; explicitFileType = wrapper.application; includeInIndex = 0; path = tipCalculator.app; sourceTree = BUILT_PRODUCTS_DIR; };
		093562DC1DD990B30081F59B /* AppDelegate.swift */ = {isa = PBXFileReference; lastKnownFileType = sourcecode.swift; path = AppDelegate.swift; sourceTree = "<group>"; };
		093562DE1DD990B30081F59B /* ViewController.swift */ = {isa = PBXFileReference; lastKnownFileType = sourcecode.swift; path = ViewController.swift; sourceTree = "<group>"; };
		093562E11DD990B30081F59B /* Base */ = {isa = PBXFileReference; lastKnownFileType = file.storyboard; name = Base; path = Base.lproj/Main.storyboard; sourceTree = "<group>"; };
		093562E31DD990B30081F59B /* Assets.xcassets */ = {isa = PBXFileReference; lastKnownFileType = folder.assetcatalog; path = Assets.xcassets; sourceTree = "<group>"; };
		093562E61DD990B30081F59B /* Base */ = {isa = PBXFileReference; lastKnownFileType = file.storyboard; name = Base; path = Base.lproj/LaunchScreen.storyboard; sourceTree = "<group>"; };
		093562E81DD990B30081F59B /* Info.plist */ = {isa = PBXFileReference; lastKnownFileType = text.plist.xml; path = Info.plist; sourceTree = "<group>"; };
		093562ED1DD990B30081F59B /* tipCalculatorTests.xctest */ = {isa = PBXFileReference; explicitFileType = wrapper.cfbundle; includeInIndex = 0; path = tipCalculatorTests.xctest; sourceTree = BUILT_PRODUCTS_DIR; };
		093562F11DD990B30081F59B /* tipCalculatorTests.swift */ = {isa = PBXFileReference; lastKnownFileType = sourcecode.swift; path = tipCalculatorTests.swift; sourceTree = "<group>"; };
		093562F31DD990B30081F59B /* Info.plist */ = {isa = PBXFileReference; lastKnownFileType = text.plist.xml; path = Info.plist; sourceTree = "<group>"; };
		093562F81DD990B40081F59B /* tipCalculatorUITests.xctest */ = {isa = PBXFileReference; explicitFileType = wrapper.cfbundle; includeInIndex = 0; path = tipCalculatorUITests.xctest; sourceTree = BUILT_PRODUCTS_DIR; };
		093562FC1DD990B40081F59B /* tipCalculatorUITests.swift */ = {isa = PBXFileReference; lastKnownFileType = sourcecode.swift; path = tipCalculatorUITests.swift; sourceTree = "<group>"; };
		093562FE1DD990B40081F59B /* Info.plist */ = {isa = PBXFileReference; lastKnownFileType = text.plist.xml; path = Info.plist; sourceTree = "<group>"; };
/* End PBXFileReference section */

/* Begin PBXFrameworksBuildPhase section */
		093562D61DD990B20081F59B /* Frameworks */ = {
			isa = PBXFrameworksBuildPhase;
			buildActionMask = 2147483647;
			files = (
			);
			runOnlyForDeploymentPostprocessing = 0;
		};
		093562EA1DD990B30081F59B /* Frameworks */ = {
			isa = PBXFrameworksBuildPhase;
			buildActionMask = 2147483647;
			files = (
			);
			runOnlyForDeploymentPostprocessing = 0;
		};
		093562F51DD990B40081F59B /* Frameworks */ = {
			isa = PBXFrameworksBuildPhase;
			buildActionMask = 2147483647;
			files = (
			);
			runOnlyForDeploymentPostprocessing = 0;
		};
/* End PBXFrameworksBuildPhase section */

/* Begin PBXGroup section */
		093562D01DD990B20081F59B = {
			isa = PBXGroup;
			children = (
				093562DB1DD990B30081F59B /* tipCalculator */,
				093562F01DD990B30081F59B /* tipCalculatorTests */,
				093562FB1DD990B40081F59B /* tipCalculatorUITests */,
				093562DA1DD990B30081F59B /* Products */,
			);
			sourceTree = "<group>";
		};
		093562DA1DD990B30081F59B /* Products */ = {
			isa = PBXGroup;
			children = (
				093562D91DD990B30081F59B /* tipCalculator.app */,
				093562ED1DD990B30081F59B /* tipCalculatorTests.xctest */,
				093562F81DD990B40081F59B /* tipCalculatorUITests.xctest */,
			);
			name = Products;
			sourceTree = "<group>";
		};
		093562DB1DD990B30081F59B /* tipCalculator */ = {
			isa = PBXGroup;
			children = (
				093562DC1DD990B30081F59B /* AppDelegate.swift */,
				093562DE1DD990B30081F59B /* ViewController.swift */,
				093562E01DD990B30081F59B /* Main.storyboard */,
				093562E31DD990B30081F59B /* Assets.xcassets */,
				093562E51DD990B30081F59B /* LaunchScreen.storyboard */,
				093562E81DD990B30081F59B /* Info.plist */,
			);
			path = tipCalculator;
			sourceTree = "<group>";
		};
		093562F01DD990B30081F59B /* tipCalculatorTests */ = {
			isa = PBXGroup;
			children = (
				093562F11DD990B30081F59B /* tipCalculatorTests.swift */,
				093562F31DD990B30081F59B /* Info.plist */,
			);
			path = tipCalculatorTests;
			sourceTree = "<group>";
		};
		093562FB1DD990B40081F59B /* tipCalculatorUITests */ = {
			isa = PBXGroup;
			children = (
				093562FC1DD990B40081F59B /* tipCalculatorUITests.swift */,
				093562FE1DD990B40081F59B /* Info.plist */,
			);
			path = tipCalculatorUITests;
			sourceTree = "<group>";
		};
/* End PBXGroup section */

/* Begin PBXNativeTarget section */
		093562D81DD990B20081F59B /* tipCalculator */ = {
			isa = PBXNativeTarget;
			buildConfigurationList = 093563011DD990B40081F59B /* Build configuration list for PBXNativeTarget "tipCalculator" */;
			buildPhases = (
				093562D51DD990B20081F59B /* Sources */,
				093562D61DD990B20081F59B /* Frameworks */,
				093562D71DD990B20081F59B /* Resources */,
			);
			buildRules = (
			);
			dependencies = (
			);
			name = tipCalculator;
			productName = tipCalculator;
			productReference = 093562D91DD990B30081F59B /* tipCalculator.app */;
			productType = "com.apple.product-type.application";
		};
		093562EC1DD990B30081F59B /* tipCalculatorTests */ = {
			isa = PBXNativeTarget;
			buildConfigurationList = 093563041DD990B40081F59B /* Build configuration list for PBXNativeTarget "tipCalculatorTests" */;
			buildPhases = (
				093562E91DD990B30081F59B /* Sources */,
				093562EA1DD990B30081F59B /* Frameworks */,
				093562EB1DD990B30081F59B /* Resources */,
			);
			buildRules = (
			);
			dependencies = (
				093562EF1DD990B30081F59B /* PBXTargetDependency */,
			);
			name = tipCalculatorTests;
			productName = tipCalculatorTests;
			productReference = 093562ED1DD990B30081F59B /* tipCalculatorTests.xctest */;
			productType = "com.apple.product-type.bundle.unit-test";
		};
		093562F71DD990B40081F59B /* tipCalculatorUITests */ = {
			isa = PBXNativeTarget;
			buildConfigurationList = 093563071DD990B40081F59B /* Build configuration list for PBXNativeTarget "tipCalculatorUITests" */;
			buildPhases = (
				093562F41DD990B40081F59B /* Sources */,
				093562F51DD990B40081F59B /* Frameworks */,
				093562F61DD990B40081F59B /* Resources */,
			);
			buildRules = (
			);
			dependencies = (
				093562FA1DD990B40081F59B /* PBXTargetDependency */,
			);
			name = tipCalculatorUITests;
			productName = tipCalculatorUITests;
			productReference = 093562F81DD990B40081F59B /* tipCalculatorUITests.xctest */;
			productType = "com.apple.product-type.bundle.ui-testing";
		};
/* End PBXNativeTarget section */

/* Begin PBXProject section */
		093562D11DD990B20081F59B /* Project object */ = {
			isa = PBXProject;
			attributes = {
				LastSwiftUpdateCheck = 0800;
				LastUpgradeCheck = 0800;
				ORGANIZATIONNAME = "Jacqueline Dunnett";
				TargetAttributes = {
					093562D81DD990B20081F59B = {
						CreatedOnToolsVersion = 8.0;
						ProvisioningStyle = Automatic;
					};
					093562EC1DD990B30081F59B = {
						CreatedOnToolsVersion = 8.0;
						ProvisioningStyle = Automatic;
						TestTargetID = 093562D81DD990B20081F59B;
					};
					093562F71DD990B40081F59B = {
						CreatedOnToolsVersion = 8.0;
						ProvisioningStyle = Automatic;
						TestTargetID = 093562D81DD990B20081F59B;
					};
				};
			};
			buildConfigurationList = 093562D41DD990B20081F59B /* Build configuration list for PBXProject "tipCalculator" */;
			compatibilityVersion = "Xcode 3.2";
			developmentRegion = English;
			hasScannedForEncodings = 0;
			knownRegions = (
				en,
				Base,
			);
			mainGroup = 093562D01DD990B20081F59B;
			productRefGroup = 093562DA1DD990B30081F59B /* Products */;
			projectDirPath = "";
			projectRoot = "";
			targets = (
				093562D81DD990B20081F59B /* tipCalculator */,
				093562EC1DD990B30081F59B /* tipCalculatorTests */,
				093562F71DD990B40081F59B /* tipCalculatorUITests */,
			);
		};
/* End PBXProject section */

/* Begin PBXResourcesBuildPhase section */
		093562D71DD990B20081F59B /* Resources */ = {
			isa = PBXResourcesBuildPhase;
			buildActionMask = 2147483647;
			files = (
				093562E71DD990B30081F59B /* LaunchScreen.storyboard in Resources */,
				093562E41DD990B30081F59B /* Assets.xcassets in Resources */,
				093562E21DD990B30081F59B /* Main.storyboard in Resources */,
			);
			runOnlyForDeploymentPostprocessing = 0;
		};
		093562EB1DD990B30081F59B /* Resources */ = {
			isa = PBXResourcesBuildPhase;
			buildActionMask = 2147483647;
			files = (
			);
			runOnlyForDeploymentPostprocessing = 0;
		};
		093562F61DD990B40081F59B /* Resources */ = {
			isa = PBXResourcesBuildPhase;
			buildActionMask = 2147483647;
			files = (
			);
			runOnlyForDeploymentPostprocessing = 0;
		};
/* End PBXResourcesBuildPhase section */

/* Begin PBXSourcesBuildPhase section */
		093562D51DD990B20081F59B /* Sources */ = {
			isa = PBXSourcesBuildPhase;
			buildActionMask = 2147483647;
			files = (
				093562DF1DD990B30081F59B /* ViewController.swift in Sources */,
				093562DD1DD990B30081F59B /* AppDelegate.swift in Sources */,
			);
			runOnlyForDeploymentPostprocessing = 0;
		};
		093562E91DD990B30081F59B /* Sources */ = {
			isa = PBXSourcesBuildPhase;
			buildActionMask = 2147483647;
			files = (
				093562F21DD990B30081F59B /* tipCalculatorTests.swift in Sources */,
			);
			runOnlyForDeploymentPostprocessing = 0;
		};
		093562F41DD990B40081F59B /* Sources */ = {
			isa = PBXSourcesBuildPhase;
			buildActionMask = 2147483647;
			files = (
				093562FD1DD990B40081F59B /* tipCalculatorUITests.swift in Sources */,
			);
			runOnlyForDeploymentPostprocessing = 0;
		};
/* End PBXSourcesBuildPhase section */

/* Begin PBXTargetDependency section */
		093562EF1DD990B30081F59B /* PBXTargetDependency */ = {
			isa = PBXTargetDependency;
			target = 093562D81DD990B20081F59B /* tipCalculator */;
			targetProxy = 093562EE1DD990B30081F59B /* PBXContainerItemProxy */;
		};
		093562FA1DD990B40081F59B /* PBXTargetDependency */ = {
			isa = PBXTargetDependency;
			target = 093562D81DD990B20081F59B /* tipCalculator */;
			targetProxy = 093562F91DD990B40081F59B /* PBXContainerItemProxy */;
		};
/* End PBXTargetDependency section */

/* Begin PBXVariantGroup section */
		093562E01DD990B30081F59B /* Main.storyboard */ = {
			isa = PBXVariantGroup;
			children = (
				093562E11DD990B30081F59B /* Base */,
			);
			name = Main.storyboard;
			sourceTree = "<group>";
		};
		093562E51DD990B30081F59B /* LaunchScreen.storyboard */ = {
			isa = PBXVariantGroup;
			children = (
				093562E61DD990B30081F59B /* Base */,
			);
			name = LaunchScreen.storyboard;
			sourceTree = "<group>";
		};
/* End PBXVariantGroup section */

/* Begin XCBuildConfiguration section */
		093562FF1DD990B40081F59B /* Debug */ = {
			isa = XCBuildConfiguration;
			buildSettings = {
				ALWAYS_SEARCH_USER_PATHS = NO;
				CLANG_ANALYZER_NONNULL = YES;
				CLANG_CXX_LANGUAGE_STANDARD = "gnu++0x";
				CLANG_CXX_LIBRARY = "libc++";
				CLANG_ENABLE_MODULES = YES;
				CLANG_ENABLE_OBJC_ARC = YES;
				CLANG_WARN_BOOL_CONVERSION = YES;
				CLANG_WARN_CONSTANT_CONVERSION = YES;
				CLANG_WARN_DIRECT_OBJC_ISA_USAGE = YES_ERROR;
				CLANG_WARN_DOCUMENTATION_COMMENTS = YES;
				CLANG_WARN_EMPTY_BODY = YES;
				CLANG_WARN_ENUM_CONVERSION = YES;
				CLANG_WARN_INFINITE_RECURSION = YES;
				CLANG_WARN_INT_CONVERSION = YES;
				CLANG_WARN_OBJC_ROOT_CLASS = YES_ERROR;
				CLANG_WARN_SUSPICIOUS_MOVES = YES;
				CLANG_WARN_UNREACHABLE_CODE = YES;
				CLANG_WARN__DUPLICATE_METHOD_MATCH = YES;
				"CODE_SIGN_IDENTITY[sdk=iphoneos*]" = "iPhone Developer";
				COPY_PHASE_STRIP = NO;
				DEBUG_INFORMATION_FORMAT = dwarf;
				ENABLE_STRICT_OBJC_MSGSEND = YES;
				ENABLE_TESTABILITY = YES;
				GCC_C_LANGUAGE_STANDARD = gnu99;
				GCC_DYNAMIC_NO_PIC = NO;
				GCC_NO_COMMON_BLOCKS = YES;
				GCC_OPTIMIZATION_LEVEL = 0;
				GCC_PREPROCESSOR_DEFINITIONS = (
					"DEBUG=1",
					"$(inherited)",
				);
				GCC_WARN_64_TO_32_BIT_CONVERSION = YES;
				GCC_WARN_ABOUT_RETURN_TYPE = YES_ERROR;
				GCC_WARN_UNDECLARED_SELECTOR = YES;
				GCC_WARN_UNINITIALIZED_AUTOS = YES_AGGRESSIVE;
				GCC_WARN_UNUSED_FUNCTION = YES;
				GCC_WARN_UNUSED_VARIABLE = YES;
				IPHONEOS_DEPLOYMENT_TARGET = 10.0;
				MTL_ENABLE_DEBUG_INFO = YES;
				ONLY_ACTIVE_ARCH = YES;
				SDKROOT = iphoneos;
				SWIFT_ACTIVE_COMPILATION_CONDITIONS = DEBUG;
				SWIFT_OPTIMIZATION_LEVEL = "-Onone";
				TARGETED_DEVICE_FAMILY = "1,2";
			};
			name = Debug;
		};
		093563001DD990B40081F59B /* Release */ = {
			isa = XCBuildConfiguration;
			buildSettings = {
				ALWAYS_SEARCH_USER_PATHS = NO;
				CLANG_ANALYZER_NONNULL = YES;
				CLANG_CXX_LANGUAGE_STANDARD = "gnu++0x";
				CLANG_CXX_LIBRARY = "libc++";
				CLANG_ENABLE_MODULES = YES;
				CLANG_ENABLE_OBJC_ARC = YES;
				CLANG_WARN_BOOL_CONVERSION = YES;
				CLANG_WARN_CONSTANT_CONVERSION = YES;
				CLANG_WARN_DIRECT_OBJC_ISA_USAGE = YES_ERROR;
				CLANG_WARN_DOCUMENTATION_COMMENTS = YES;
				CLANG_WARN_EMPTY_BODY = YES;
				CLANG_WARN_ENUM_CONVERSION = YES;
				CLANG_WARN_INFINITE_RECURSION = YES;
				CLANG_WARN_INT_CONVERSION = YES;
				CLANG_WARN_OBJC_ROOT_CLASS = YES_ERROR;
				CLANG_WARN_SUSPICIOUS_MOVES = YES;
				CLANG_WARN_UNREACHABLE_CODE = YES;
				CLANG_WARN__DUPLICATE_METHOD_MATCH = YES;
				"CODE_SIGN_IDENTITY[sdk=iphoneos*]" = "iPhone Developer";
				COPY_PHASE_STRIP = NO;
				DEBUG_INFORMATION_FORMAT = "dwarf-with-dsym";
				ENABLE_NS_ASSERTIONS = NO;
				ENABLE_STRICT_OBJC_MSGSEND = YES;
				GCC_C_LANGUAGE_STANDARD = gnu99;
				GCC_NO_COMMON_BLOCKS = YES;
				GCC_WARN_64_TO_32_BIT_CONVERSION = YES;
				GCC_WARN_ABOUT_RETURN_TYPE = YES_ERROR;
				GCC_WARN_UNDECLARED_SELECTOR = YES;
				GCC_WARN_UNINITIALIZED_AUTOS = YES_AGGRESSIVE;
				GCC_WARN_UNUSED_FUNCTION = YES;
				GCC_WARN_UNUSED_VARIABLE = YES;
				IPHONEOS_DEPLOYMENT_TARGET = 10.0;
				MTL_ENABLE_DEBUG_INFO = NO;
				SDKROOT = iphoneos;
				SWIFT_OPTIMIZATION_LEVEL = "-Owholemodule";
				TARGETED_DEVICE_FAMILY = "1,2";
				VALIDATE_PRODUCT = YES;
			};
			name = Release;
		};
		093563021DD990B40081F59B /* Debug */ = {
			isa = XCBuildConfiguration;
			buildSettings = {
				ASSETCATALOG_COMPILER_APPICON_NAME = AppIcon;
				INFOPLIST_FILE = tipCalculator/Info.plist;
				LD_RUNPATH_SEARCH_PATHS = "$(inherited) @executable_path/Frameworks";
				PRODUCT_BUNDLE_IDENTIFIER = JDunnett.tipCalculator;
				PRODUCT_NAME = "$(TARGET_NAME)";
				SWIFT_VERSION = 3.0;
			};
			name = Debug;
		};
		093563031DD990B40081F59B /* Release */ = {
			isa = XCBuildConfiguration;
			buildSettings = {
				ASSETCATALOG_COMPILER_APPICON_NAME = AppIcon;
				INFOPLIST_FILE = tipCalculator/Info.plist;
				LD_RUNPATH_SEARCH_PATHS = "$(inherited) @executable_path/Frameworks";
				PRODUCT_BUNDLE_IDENTIFIER = JDunnett.tipCalculator;
				PRODUCT_NAME = "$(TARGET_NAME)";
				SWIFT_VERSION = 3.0;
			};
			name = Release;
		};
		093563051DD990B40081F59B /* Debug */ = {
			isa = XCBuildConfiguration;
			buildSettings = {
				ALWAYS_EMBED_SWIFT_STANDARD_LIBRARIES = YES;
				BUNDLE_LOADER = "$(TEST_HOST)";
				INFOPLIST_FILE = tipCalculatorTests/Info.plist;
				LD_RUNPATH_SEARCH_PATHS = "$(inherited) @executable_path/Frameworks @loader_path/Frameworks";
				PRODUCT_BUNDLE_IDENTIFIER = JDunnett.tipCalculatorTests;
				PRODUCT_NAME = "$(TARGET_NAME)";
				SWIFT_VERSION = 3.0;
				TEST_HOST = "$(BUILT_PRODUCTS_DIR)/tipCalculator.app/tipCalculator";
			};
			name = Debug;
		};
		093563061DD990B40081F59B /* Release */ = {
			isa = XCBuildConfiguration;
			buildSettings = {
				ALWAYS_EMBED_SWIFT_STANDARD_LIBRARIES = YES;
				BUNDLE_LOADER = "$(TEST_HOST)";
				INFOPLIST_FILE = tipCalculatorTests/Info.plist;
				LD_RUNPATH_SEARCH_PATHS = "$(inherited) @executable_path/Frameworks @loader_path/Frameworks";
				PRODUCT_BUNDLE_IDENTIFIER = JDunnett.tipCalculatorTests;
				PRODUCT_NAME = "$(TARGET_NAME)";
				SWIFT_VERSION = 3.0;
				TEST_HOST = "$(BUILT_PRODUCTS_DIR)/tipCalculator.app/tipCalculator";
			};
			name = Release;
		};
		093563081DD990B40081F59B /* Debug */ = {
			isa = XCBuildConfiguration;
			buildSettings = {
				ALWAYS_EMBED_SWIFT_STANDARD_LIBRARIES = YES;
				INFOPLIST_FILE = tipCalculatorUITests/Info.plist;
				LD_RUNPATH_SEARCH_PATHS = "$(inherited) @executable_path/Frameworks @loader_path/Frameworks";
				PRODUCT_BUNDLE_IDENTIFIER = JDunnett.tipCalculatorUITests;
				PRODUCT_NAME = "$(TARGET_NAME)";
				SWIFT_VERSION = 3.0;
				TEST_TARGET_NAME = tipCalculator;
			};
			name = Debug;
		};
		093563091DD990B40081F59B /* Release */ = {
			isa = XCBuildConfiguration;
			buildSettings = {
				ALWAYS_EMBED_SWIFT_STANDARD_LIBRARIES = YES;
				INFOPLIST_FILE = tipCalculatorUITests/Info.plist;
				LD_RUNPATH_SEARCH_PATHS = "$(inherited) @executable_path/Frameworks @loader_path/Frameworks";
				PRODUCT_BUNDLE_IDENTIFIER = JDunnett.tipCalculatorUITests;
				PRODUCT_NAME = "$(TARGET_NAME)";
				SWIFT_VERSION = 3.0;
				TEST_TARGET_NAME = tipCalculator;
			};
			name = Release;
		};
/* End XCBuildConfiguration section */

/* Begin XCConfigurationList section */
		093562D41DD990B20081F59B /* Build configuration list for PBXProject "tipCalculator" */ = {
			isa = XCConfigurationList;
			buildConfigurations = (
				093562FF1DD990B40081F59B /* Debug */,
				093563001DD990B40081F59B /* Release */,
			);
			defaultConfigurationIsVisible = 0;
			defaultConfigurationName = Release;
		};
		093563011DD990B40081F59B /* Build configuration list for PBXNativeTarget "tipCalculator" */ = {
			isa = XCConfigurationList;
			buildConfigurations = (
				093563021DD990B40081F59B /* Debug */,
				093563031DD990B40081F59B /* Release */,
			);
			defaultConfigurationIsVisible = 0;
		};
		093563041DD990B40081F59B /* Build configuration list for PBXNativeTarget "tipCalculatorTests" */ = {
			isa = XCConfigurationList;
			buildConfigurations = (
				093563051DD990B40081F59B /* Debug */,
				093563061DD990B40081F59B /* Release */,
			);
			defaultConfigurationIsVisible = 0;
		};
		093563071DD990B40081F59B /* Build configuration list for PBXNativeTarget "tipCalculatorUITests" */ = {
			isa = XCConfigurationList;
			buildConfigurations = (
				093563081DD990B40081F59B /* Debug */,
				093563091DD990B40081F59B /* Release */,
			);
			defaultConfigurationIsVisible = 0;
		};
/* End XCConfigurationList section */
	};
	rootObject = 093562D11DD990B20081F59B /* Project object */;
}
